
Microsoft Visual Studio Solution File, Format Version 12.00
# Visual Studio Version 17
VisualStudioVersion = 17.2.32526.322
MinimumVisualStudioVersion = 10.0.40219.1
Project("{9A19103F-16F7-4668-BE54-9A1E7A4F7556}") = "OverloadByReturnType", "OverloadByReturnType\OverloadByReturnType.csproj", "{88675166-E0C3-42EE-84A6-5562ED497ADB}"
EndProject
Project("{FAE04EC0-301F-11D3-BF4B-00C04F79EFBC}") = "MethodSynonym.Fody", "MethodSynonym.Fody\MethodSynonym.Fody.csproj", "{82C85FC0-1E7D-4CFC-A734-1D6163F6B15A}"
EndProject
Global
	GlobalSection(SolutionConfigurationPlatforms) = preSolution
		Debug|Any CPU = Debug|Any CPU
		Release|Any CPU = Release|Any CPU
	EndGlobalSection
	GlobalSection(ProjectConfigurationPlatforms) = postSolution
		{88675166-E0C3-42EE-84A6-5562ED497ADB}.Debug|Any CPU.ActiveCfg = Debug|Any CPU
		{88675166-E0C3-42EE-84A6-5562ED497ADB}.Debug|Any CPU.Build.0 = Debug|Any CPU
		{88675166-E0C3-42EE-84A6-5562ED497ADB}.Release|Any CPU.ActiveCfg = Release|Any CPU
		{88675166-E0C3-42EE-84A6-5562ED497ADB}.Release|Any CPU.Build.0 = Release|Any CPU
		{82C85FC0-1E7D-4CFC-A734-1D6163F6B15A}.Debug|Any CPU.ActiveCfg = Debug|Any CPU
		{82C85FC0-1E7D-4CFC-A734-1D6163F6B15A}.Debug|Any CPU.Build.0 = Debug|Any CPU
		{82C85FC0-1E7D-4CFC-A734-1D6163F6B15A}.Release|Any CPU.ActiveCfg = Release|Any CPU
		{82C85FC0-1E7D-4CFC-A734-1D6163F6B15A}.Release|Any CPU.Build.0 = Release|Any CPU
	EndGlobalSection
	GlobalSection(SolutionProperties) = preSolution
		HideSolutionNode = FALSE
	EndGlobalSection
	GlobalSection(ExtensibilityGlobals) = postSolution
		SolutionGuid = {ADBF99E3-08E8-45D5-AEDF-F0BB96157FD7}
	EndGlobalSection
EndGlobal
